{
  "requires": true,
  "lockfileVersion": 1,
  "dependencies": {
    "focus-visible": {
      "version": "5.1.0",
      "resolved": "https://registry.npmjs.org/focus-visible/-/focus-visible-5.1.0.tgz",
      "integrity": "sha512-nPer0rjtzdZ7csVIu233P2cUm/ks/4aVSI+5KUkYrYpgA7ujgC3p6J7FtFU+AIMWwnwYQOB/yeiOITxFeYIXiw=="
    }
  }
}
